{
  "version": "3",
  "redirects": {
    "https://deno.land/x/is_docker/mod.ts": "https://deno.land/x/is_docker@v2.0.0/mod.ts",
    "https://deno.land/x/open/index.ts": "https://deno.land/x/open@v0.0.6/index.ts"
  },
  "remote": {
    "https://deno.land/std@0.106.0/path/_constants.ts": "1247fee4a79b70c89f23499691ef169b41b6ccf01887a0abd131009c5581b853",
    "https://deno.land/std@0.106.0/path/_util.ts": "2e06a3b9e79beaf62687196bd4b60a4c391d862cfa007a20fc3a39f778ba073b",
    "https://deno.land/std@0.106.0/path/posix.ts": "b81974c768d298f8dcd2c720229639b3803ca4a241fa9a355c762fa2bc5ef0c1",
    "https://deno.land/std@0.200.0/assert/assert.ts": "9a97dad6d98c238938e7540736b826440ad8c1c1e54430ca4c4e623e585607ee",
    "https://deno.land/std@0.200.0/assert/assertion_error.ts": "4d0bde9b374dfbcbe8ac23f54f567b77024fb67dbb1906a852d67fe050d42f56",
    "https://deno.land/std@0.200.0/flags/mod.ts": "a5ac18af6583404f21ea03771f8816669d901e0ff4374020870334d6f61d73d5",
    "https://deno.land/x/is_docker@v2.0.0/mod.ts": "4c8753346f4afbb6c251d7984a609aa84055559cf713fba828939a5d39c95cd0",
    "https://deno.land/x/is_wsl@v1.1.0/mod.ts": "30996b09376652df7a4d495320e918154906ab94325745c1399e13e658dca5da",
    "https://deno.land/x/open@v0.0.6/index.ts": "c7484a7bf2628236f33bbe354520e651811faf1a7cbc3c3f80958ce81b4c42ef"
  }
}
